// !$*UTF8*$!
{
	archiveVersion = 1;
	classes = {
	};
	objectVersion = 46;
	objects = {

/* Begin PBXBuildFile section */
		FF4007351CCA724E0084E810 /* main.m in Sources */ = {isa = PBXBuildFile; fileRef = FF4007341CCA724E0084E810 /* main.m */; };
		FF4007381CCA724E0084E810 /* AppDelegate.m in Sources */ = {isa = PBXBuildFile; fileRef = FF4007371CCA724E0084E810 /* AppDelegate.m */; };
		FF40073B1CCA724E0084E810 /* ViewController.m in Sources */ = {isa = PBXBuildFile; fileRef = FF40073A1CCA724E0084E810 /* ViewController.m */; };
		FF40073E1CCA724E0084E810 /* Main.storyboard in Resources */ = {isa = PBXBuildFile; fileRef = FF40073C1CCA724E0084E810 /* Main.storyboard */; };
		FF4007401CCA724E0084E810 /* Assets.xcassets in Resources */ = {isa = PBXBuildFile; fileRef = FF40073F1CCA724E0084E810 /* Assets.xcassets */; };
		FF4007431CCA724E0084E810 /* LaunchScreen.storyboard in Resources */ = {isa = PBXBuildFile; fileRef = FF4007411CCA724E0084E810 /* LaunchScreen.storyboard */; };
/* End PBXBuildFile section */

/* Begin PBXFileReference section */
		FF4007301CCA724E0084E810 /* Shopping-Trolley.app */ = {isa = PBXFileReference; explicitFileType = wrapper.application; includeInIndex = 0; path = "Shopping-Trolley.app"; sourceTree = BUILT_PRODUCTS_DIR; };
		FF4007341CCA724E0084E810 /* main.m */ = {isa = PBXFileReference; lastKnownFileType = sourcecode.c.objc; path = main.m; sourceTree = "<group>"; };
		FF4007361CCA724E0084E810 /* AppDelegate.h */ = {isa = PBXFileReference; lastKnownFileType = sourcecode.c.h; path = AppDelegate.h; sourceTree = "<group>"; };
		FF4007371CCA724E0084E810 /* AppDelegate.m */ = {isa = PBXFileReference; lastKnownFileType = sourcecode.c.objc; path = AppDelegate.m; sourceTree = "<group>"; };
		FF4007391CCA724E0084E810 /* ViewController.h */ = {isa = PBXFileReference; lastKnownFileType = sourcecode.c.h; path = ViewController.h; sourceTree = "<group>"; };
		FF40073A1CCA724E0084E810 /* ViewController.m */ = {isa = PBXFileReference; lastKnownFileType = sourcecode.c.objc; path = ViewController.m; sourceTree = "<group>"; };
		FF40073D1CCA724E0084E810 /* Base */ = {isa = PBXFileReference; lastKnownFileType = file.storyboard; name = Base; path = Base.lproj/Main.storyboard; sourceTree = "<group>"; };
		FF40073F1CCA724E0084E810 /* Assets.xcassets */ = {isa = PBXFileReference; lastKnownFileType = folder.assetcatalog; path = Assets.xcassets; sourceTree = "<group>"; };
		FF4007421CCA724E0084E810 /* Base */ = {isa = PBXFileReference; lastKnownFileType = file.storyboard; name = Base; path = Base.lproj/LaunchScreen.storyboard; sourceTree = "<group>"; };
		FF4007441CCA724E0084E810 /* Info.plist */ = {isa = PBXFileReference; lastKnownFileType = text.plist.xml; path = Info.plist; sourceTree = "<group>"; };
/* End PBXFileReference section */

/* Begin PBXFrameworksBuildPhase section */
		FF40072D1CCA724E0084E810 /* Frameworks */ = {
			isa = PBXFrameworksBuildPhase;
			buildActionMask = 2147483647;
			files = (
			);
			runOnlyForDeploymentPostprocessing = 0;
		};
/* End PBXFrameworksBuildPhase section */

/* Begin PBXGroup section */
		FF4007271CCA724E0084E810 = {
			isa = PBXGroup;
			children = (
				FF4007321CCA724E0084E810 /* Shopping-Trolley */,
				FF4007311CCA724E0084E810 /* Products */,
			);
			sourceTree = "<group>";
		};
		FF4007311CCA724E0084E810 /* Products */ = {
			isa = PBXGroup;
			children = (
				FF4007301CCA724E0084E810 /* Shopping-Trolley.app */,
			);
			name = Products;
			sourceTree = "<group>";
		};
		FF4007321CCA724E0084E810 /* Shopping-Trolley */ = {
			isa = PBXGroup;
			children = (
				FF4007361CCA724E0084E810 /* AppDelegate.h */,
				FF4007371CCA724E0084E810 /* AppDelegate.m */,
				FF4007391CCA724E0084E810 /* ViewController.h */,
				FF40073A1CCA724E0084E810 /* ViewController.m */,
				FF40073C1CCA724E0084E810 /* Main.storyboard */,
				FF40073F1CCA724E0084E810 /* Assets.xcassets */,
				FF4007411CCA724E0084E810 /* LaunchScreen.storyboard */,
				FF4007441CCA724E0084E810 /* Info.plist */,
				FF4007331CCA724E0084E810 /* Supporting Files */,
			);
			path = "Shopping-Trolley";
			sourceTree = "<group>";
		};
		FF4007331CCA724E0084E810 /* Supporting Files */ = {
			isa = PBXGroup;
			children = (
				FF4007341CCA724E0084E810 /* main.m */,
			);
			name = "Supporting Files";
			sourceTree = "<group>";
		};
/* End PBXGroup section */

/* Begin PBXNativeTarget section */
		FF40072F1CCA724E0084E810 /* Shopping-Trolley */ = {
			isa = PBXNativeTarget;
			buildConfigurationList = FF4007471CCA724E0084E810 /* Build configuration list for PBXNativeTarget "Shopping-Trolley" */;
			buildPhases = (
				FF40072C1CCA724E0084E810 /* Sources */,
				FF40072D1CCA724E0084E810 /* Frameworks */,
				FF40072E1CCA724E0084E810 /* Resources */,
			);
			buildRules = (
			);
			dependencies = (
			);
			name = "Shopping-Trolley";
			productName = "Shopping-Trolley";
			productReference = FF4007301CCA724E0084E810 /* Shopping-Trolley.app */;
			productType = "com.apple.product-type.application";
		};
/* End PBXNativeTarget section */

/* Begin PBXProject section */
		FF4007281CCA724E0084E810 /* Project object */ = {
			isa = PBXProject;
			attributes = {
				LastUpgradeCheck = 0720;
				ORGANIZATIONNAME = helangxin;
				TargetAttributes = {
					FF40072F1CCA724E0084E810 = {
						CreatedOnToolsVersion = 7.2;
					};
				};
			};
			buildConfigurationList = FF40072B1CCA724E0084E810 /* Build configuration list for PBXProject "Shopping-Trolley" */;
			compatibilityVersion = "Xcode 3.2";
			developmentRegion = English;
			hasScannedForEncodings = 0;
			knownRegions = (
				en,
				Base,
			);
			mainGroup = FF4007271CCA724E0084E810;
			productRefGroup = FF4007311CCA724E0084E810 /* Products */;
			projectDirPath = "";
			projectRoot = "";
			targets = (
				FF40072F1CCA724E0084E810 /* Shopping-Trolley */,
			);
		};
/* End PBXProject section */

/* Begin PBXResourcesBuildPhase section */
		FF40072E1CCA724E0084E810 /* Resources */ = {
			isa = PBXResourcesBuildPhase;
			buildActionMask = 2147483647;
			files = (
				FF4007431CCA724E0084E810 /* LaunchScreen.storyboard in Resources */,
				FF4007401CCA724E0084E810 /* Assets.xcassets in Resources */,
				FF40073E1CCA724E0084E810 /* Main.storyboard in Resources */,
			);
			runOnlyForDeploymentPostprocessing = 0;
		};
/* End PBXResourcesBuildPhase section */

/* Begin PBXSourcesBuildPhase section */
		FF40072C1CCA724E0084E810 /* Sources */ = {
			isa = PBXSourcesBuildPhase;
			buildActionMask = 2147483647;
			files = (
				FF40073B1CCA724E0084E810 /* ViewController.m in Sources */,
				FF4007381CCA724E0084E810 /* AppDelegate.m in Sources */,
				FF4007351CCA724E0084E810 /* main.m in Sources */,
			);
			runOnlyForDeploymentPostprocessing = 0;
		};
/* End PBXSourcesBuildPhase section */

/* Begin PBXVariantGroup section */
		FF40073C1CCA724E0084E810 /* Main.storyboard */ = {
			isa = PBXVariantGroup;
			children = (
				FF40073D1CCA724E0084E810 /* Base */,
			);
			name = Main.storyboard;
			sourceTree = "<group>";
		};
		FF4007411CCA724E0084E810 /* LaunchScreen.storyboard */ = {
			isa = PBXVariantGroup;
			children = (
				FF4007421CCA724E0084E810 /* Base */,
			);
			name = LaunchScreen.storyboard;
			sourceTree = "<group>";
		};
/* End PBXVariantGroup section */

/* Begin XCBuildConfiguration section */
		FF4007451CCA724E0084E810 /* Debug */ = {
			isa = XCBuildConfiguration;
			buildSettings = {
				ALWAYS_SEARCH_USER_PATHS = NO;
				CLANG_CXX_LANGUAGE_STANDARD = "gnu++0x";
				CLANG_CXX_LIBRARY = "libc++";
				CLANG_ENABLE_MODULES = YES;
				CLANG_ENABLE_OBJC_ARC = YES;
				CLANG_WARN_BOOL_CONVERSION = YES;
				CLANG_WARN_CONSTANT_CONVERSION = YES;
				CLANG_WARN_DIRECT_OBJC_ISA_USAGE = YES_ERROR;
				CLANG_WARN_EMPTY_BODY = YES;
				CLANG_WARN_ENUM_CONVERSION = YES;
				CLANG_WARN_INT_CONVERSION = YES;
				CLANG_WARN_OBJC_ROOT_CLASS = YES_ERROR;
				CLANG_WARN_UNREACHABLE_CODE = YES;
				CLANG_WARN__DUPLICATE_METHOD_MATCH = YES;
				"CODE_SIGN_IDENTITY[sdk=iphoneos*]" = "iPhone Developer";
				COPY_PHASE_STRIP = NO;
				DEBUG_INFORMATION_FORMAT = dwarf;
				ENABLE_STRICT_OBJC_MSGSEND = YES;
				ENABLE_TESTABILITY = YES;
				GCC_C_LANGUAGE_STANDARD = gnu99;
				GCC_DYNAMIC_NO_PIC = NO;
				GCC_NO_COMMON_BLOCKS = YES;
				GCC_OPTIMIZATION_LEVEL = 0;
				GCC_PREPROCESSOR_DEFINITIONS = (
					"DEBUG=1",
					"$(inherited)",
				);
				GCC_WARN_64_TO_32_BIT_CONVERSION = YES;
				GCC_WARN_ABOUT_RETURN_TYPE = YES_ERROR;
				GCC_WARN_UNDECLARED_SELECTOR = YES;
				GCC_WARN_UNINITIALIZED_AUTOS = YES_AGGRESSIVE;
				GCC_WARN_UNUSED_FUNCTION = YES;
				GCC_WARN_UNUSED_VARIABLE = YES;
				IPHONEOS_DEPLOYMENT_TARGET = 9.2;
				MTL_ENABLE_DEBUG_INFO = YES;
				ONLY_ACTIVE_ARCH = YES;
				SDKROOT = iphoneos;
			};
			name = Debug;
		};
		FF4007461CCA724E0084E810 /* Release */ = {
			isa = XCBuildConfiguration;
			buildSettings = {
				ALWAYS_SEARCH_USER_PATHS = NO;
				CLANG_CXX_LANGUAGE_STANDARD = "gnu++0x";
				CLANG_CXX_LIBRARY = "libc++";
				CLANG_ENABLE_MODULES = YES;
				CLANG_ENABLE_OBJC_ARC = YES;
				CLANG_WARN_BOOL_CONVERSION = YES;
				CLANG_WARN_CONSTANT_CONVERSION = YES;
				CLANG_WARN_DIRECT_OBJC_ISA_USAGE = YES_ERROR;
				CLANG_WARN_EMPTY_BODY = YES;
				CLANG_WARN_ENUM_CONVERSION = YES;
				CLANG_WARN_INT_CONVERSION = YES;
				CLANG_WARN_OBJC_ROOT_CLASS = YES_ERROR;
				CLANG_WARN_UNREACHABLE_CODE = YES;
				CLANG_WARN__DUPLICATE_METHOD_MATCH = YES;
				"CODE_SIGN_IDENTITY[sdk=iphoneos*]" = "iPhone Developer";
				COPY_PHASE_STRIP = NO;
				DEBUG_INFORMATION_FORMAT = "dwarf-with-dsym";
				ENABLE_NS_ASSERTIONS = NO;
				ENABLE_STRICT_OBJC_MSGSEND = YES;
				GCC_C_LANGUAGE_STANDARD = gnu99;
				GCC_NO_COMMON_BLOCKS = YES;
				GCC_WARN_64_TO_32_BIT_CONVERSION = YES;
				GCC_WARN_ABOUT_RETURN_TYPE = YES_ERROR;
				GCC_WARN_UNDECLARED_SELECTOR = YES;
				GCC_WARN_UNINITIALIZED_AUTOS = YES_AGGRESSIVE;
				GCC_WARN_UNUSED_FUNCTION = YES;
				GCC_WARN_UNUSED_VARIABLE = YES;
				IPHONEOS_DEPLOYMENT_TARGET = 9.2;
				MTL_ENABLE_DEBUG_INFO = NO;
				SDKROOT = iphoneos;
				VALIDATE_PRODUCT = YES;
			};
			name = Release;
		};
		FF4007481CCA724E0084E810 /* Debug */ = {
			isa = XCBuildConfiguration;
			buildSettings = {
				ASSETCATALOG_COMPILER_APPICON_NAME = AppIcon;
				INFOPLIST_FILE = "Shopping-Trolley/Info.plist";
				LD_RUNPATH_SEARCH_PATHS = "$(inherited) @executable_path/Frameworks";
				PRODUCT_BUNDLE_IDENTIFIER = "ios.Shopping-Trolley";
				PRODUCT_NAME = "$(TARGET_NAME)";
			};
			name = Debug;
		};
		FF4007491CCA724E0084E810 /* Release */ = {
			isa = XCBuildConfiguration;
			buildSettings = {
				ASSETCATALOG_COMPILER_APPICON_NAME = AppIcon;
				INFOPLIST_FILE = "Shopping-Trolley/Info.plist";
				LD_RUNPATH_SEARCH_PATHS = "$(inherited) @executable_path/Frameworks";
				PRODUCT_BUNDLE_IDENTIFIER = "ios.Shopping-Trolley";
				PRODUCT_NAME = "$(TARGET_NAME)";
			};
			name = Release;
		};
/* End XCBuildConfiguration section */

/* Begin XCConfigurationList section */
		FF40072B1CCA724E0084E810 /* Build configuration list for PBXProject "Shopping-Trolley" */ = {
			isa = XCConfigurationList;
			buildConfigurations = (
				FF4007451CCA724E0084E810 /* Debug */,
				FF4007461CCA724E0084E810 /* Release */,
			);
			defaultConfigurationIsVisible = 0;
			defaultConfigurationName = Release;
		};
		FF4007471CCA724E0084E810 /* Build configuration list for PBXNativeTarget "Shopping-Trolley" */ = {
			isa = XCConfigurationList;
			buildConfigurations = (
				FF4007481CCA724E0084E810 /* Debug */,
				FF4007491CCA724E0084E810 /* Release */,
			);
			defaultConfigurationIsVisible = 0;
		};
/* End XCConfigurationList section */
	};
	rootObject = FF4007281CCA724E0084E810 /* Project object */;
}
